
Microsoft Visual Studio Solution File, Format Version 12.00
# Visual Studio 15
VisualStudioVersion = 15.0.27004.2009
MinimumVisualStudioVersion = 10.0.40219.1
Project("{FAE04EC0-301F-11D3-BF4B-00C04F79EFBC}") = "AngularWebAPI", "AngularWebAPI\AngularWebAPI.csproj", "{DE86A510-BFF8-4AA9-A765-7D73F101A8DE}"
EndProject
Global
	GlobalSection(SolutionConfigurationPlatforms) = preSolution
		Debug|Any CPU = Debug|Any CPU
		Release|Any CPU = Release|Any CPU
	EndGlobalSection
	GlobalSection(ProjectConfigurationPlatforms) = postSolution
		{DE86A510-BFF8-4AA9-A765-7D73F101A8DE}.Debug|Any CPU.ActiveCfg = Debug|Any CPU
		{DE86A510-BFF8-4AA9-A765-7D73F101A8DE}.Debug|Any CPU.Build.0 = Debug|Any CPU
		{DE86A510-BFF8-4AA9-A765-7D73F101A8DE}.Release|Any CPU.ActiveCfg = Release|Any CPU
		{DE86A510-BFF8-4AA9-A765-7D73F101A8DE}.Release|Any CPU.Build.0 = Release|Any CPU
	EndGlobalSection
	GlobalSection(SolutionProperties) = preSolution
		HideSolutionNode = FALSE
	EndGlobalSection
	GlobalSection(ExtensibilityGlobals) = postSolution
		SolutionGuid = {6571CD19-35E5-4E86-B885-D1FCDCA79846}
	EndGlobalSection
EndGlobal
